
Microsoft Visual Studio Solution File, Format Version 11.00
# Visual Studio 2010
Project("{FAE04EC0-301F-11D3-BF4B-00C04F79EFBC}") = "ATMLWorkBench", "ATMLWorkBench.csproj", "{E97C80E6-1A18-4B9F-B173-5494CC52E40A}"
	ProjectSection(ProjectDependencies) = postProject
		{2D038881-418B-4B2E-9AA8-89525DBA8BA6} = {2D038881-418B-4B2E-9AA8-89525DBA8BA6}
		{C60E5DAE-E39D-47F6-BA9A-02C3C75C8198} = {C60E5DAE-E39D-47F6-BA9A-02C3C75C8198}
		{104CB0CD-20EB-4B19-92F2-3FE9588E95C7} = {104CB0CD-20EB-4B19-92F2-3FE9588E95C7}
		{869A81F4-256E-4910-8FEE-DFE1F7E0A8EE} = {869A81F4-256E-4910-8FEE-DFE1F7E0A8EE}
	EndProjectSection
EndProject
Project("{FAE04EC0-301F-11D3-BF4B-00C04F79EFBC}") = "ATML1671Allocator", "..\ATML1671Allocator\ATML1671Allocator.csproj", "{104CB0CD-20EB-4B19-92F2-3FE9588E95C7}"
	ProjectSection(ProjectDependencies) = postProject
		{2D038881-418B-4B2E-9AA8-89525DBA8BA6} = {2D038881-418B-4B2E-9AA8-89525DBA8BA6}
	EndProjectSection
EndProject
Project("{FAE04EC0-301F-11D3-BF4B-00C04F79EFBC}") = "ATML1671Reader", "..\ATML1671Reader\ATML1671Reader.csproj", "{C60E5DAE-E39D-47F6-BA9A-02C3C75C8198}"
	ProjectSection(ProjectDependencies) = postProject
		{2D038881-418B-4B2E-9AA8-89525DBA8BA6} = {2D038881-418B-4B2E-9AA8-89525DBA8BA6}
	EndProjectSection
EndProject
Project("{FAE04EC0-301F-11D3-BF4B-00C04F79EFBC}") = "ATML1671Translator", "..\ATML1671Translator\ATML1671Translator.csproj", "{869A81F4-256E-4910-8FEE-DFE1F7E0A8EE}"
	ProjectSection(ProjectDependencies) = postProject
		{2D038881-418B-4B2E-9AA8-89525DBA8BA6} = {2D038881-418B-4B2E-9AA8-89525DBA8BA6}
	EndProjectSection
EndProject
Project("{2150E333-8FDC-42A3-9474-1A3956D46DE8}") = "libraries", "libraries", "{E6E3F48F-7FBD-4E9F-BEA1-2DC7F4CDC0F7}"
EndProject
Project("{FAE04EC0-301F-11D3-BF4B-00C04F79EFBC}") = "ATMLCommonLibrary", "..\ATMLLibraries\ATMLCommonLibrary\ATMLCommonLibrary.csproj", "{71632688-04AE-491A-9D2F-EE05FC0400D4}"
	ProjectSection(ProjectDependencies) = postProject
		{A82AAA85-A772-40A2-84C2-15C6997D029F} = {A82AAA85-A772-40A2-84C2-15C6997D029F}
	EndProjectSection
EndProject
Project("{FAE04EC0-301F-11D3-BF4B-00C04F79EFBC}") = "ATMLDataAccessLibrary", "..\ATMLLibraries\ATMLDataAccessLibrary\ATMLDataAccessLibrary.csproj", "{F48E6BE2-2E30-4048-8E38-F4F3DEF51D03}"
	ProjectSection(ProjectDependencies) = postProject
		{42F58F52-995B-4244-A4FB-17EF4C09A874} = {42F58F52-995B-4244-A4FB-17EF4C09A874}
	EndProjectSection
EndProject
Project("{FAE04EC0-301F-11D3-BF4B-00C04F79EFBC}") = "ATMLEquipmentLibrary", "..\ATMLLibraries\ATMLEquipmentLibrary\ATMLEquipmentLibrary.csproj", "{7D901DC2-68ED-45A9-A883-1C5355EFC35B}"
	ProjectSection(ProjectDependencies) = postProject
		{71632688-04AE-491A-9D2F-EE05FC0400D4} = {71632688-04AE-491A-9D2F-EE05FC0400D4}
	EndProjectSection
EndProject
Project("{FAE04EC0-301F-11D3-BF4B-00C04F79EFBC}") = "ATMLManagerLibrary", "..\ATMLLibraries\ATMLManagerLibrary\ATMLManagerLibrary.csproj", "{A82AAA85-A772-40A2-84C2-15C6997D029F}"
	ProjectSection(ProjectDependencies) = postProject
		{7FCBCC82-F78E-400B-A160-B6DBF72D959F} = {7FCBCC82-F78E-400B-A160-B6DBF72D959F}
	EndProjectSection
EndProject
Project("{FAE04EC0-301F-11D3-BF4B-00C04F79EFBC}") = "ATMLModelLibrary", "..\ATMLLibraries\ATMLModelLibrary\ATMLModelLibrary.csproj", "{99B831F6-9B1A-49DF-B836-B86CDDB6C682}"
	ProjectSection(ProjectDependencies) = postProject
		{6BFD6798-ACEA-41B2-8EA3-8D5C8A8BD5FB} = {6BFD6798-ACEA-41B2-8EA3-8D5C8A8BD5FB}
	EndProjectSection
EndProject
Project("{FAE04EC0-301F-11D3-BF4B-00C04F79EFBC}") = "ATMLProcessLibrary", "..\ATMLLibraries\ATMLProcessLibrary\ATMLProcessLibrary.csproj", "{7FCBCC82-F78E-400B-A160-B6DBF72D959F}"
EndProject
Project("{FAE04EC0-301F-11D3-BF4B-00C04F79EFBC}") = "ATMLProjectLibrary", "..\ATMLLibraries\ATMLProjectLibrary\ATMLProjectLibrary.csproj", "{2D038881-418B-4B2E-9AA8-89525DBA8BA6}"
	ProjectSection(ProjectDependencies) = postProject
		{7D901DC2-68ED-45A9-A883-1C5355EFC35B} = {7D901DC2-68ED-45A9-A883-1C5355EFC35B}
	EndProjectSection
EndProject
Project("{FAE04EC0-301F-11D3-BF4B-00C04F79EFBC}") = "ATMLSchemaLibrary", "..\ATMLLibraries\ATMLSchemaLibrary\ATMLSchemaLibrary.csproj", "{6BFD6798-ACEA-41B2-8EA3-8D5C8A8BD5FB}"
	ProjectSection(ProjectDependencies) = postProject
		{F48E6BE2-2E30-4048-8E38-F4F3DEF51D03} = {F48E6BE2-2E30-4048-8E38-F4F3DEF51D03}
	EndProjectSection
EndProject
Project("{FAE04EC0-301F-11D3-BF4B-00C04F79EFBC}") = "ATMLSignalModelLibrary", "..\ATMLLibraries\ATMLSignalModelLibrary\ATMLSignalModelLibrary.csproj", "{5386282E-A995-4E29-9FE6-C39D03B7C52B}"
EndProject
Project("{FAE04EC0-301F-11D3-BF4B-00C04F79EFBC}") = "ATMLUtilitiesLibrary", "..\ATMLLibraries\ATMLUtilities\ATMLUtilitiesLibrary.csproj", "{42F58F52-995B-4244-A4FB-17EF4C09A874}"
EndProject
Project("{2150E333-8FDC-42A3-9474-1A3956D46DE8}") = "installers", "installers", "{D5C0F488-395C-460C-88CF-175AE3CEB114}"
EndProject
Project("{930C7802-8A8C-48F9-8165-68863BCCD9DD}") = "ATMLWorkbenchInstaller", "..\..\ATMLWorkbenchInstallers\ATML32bitInstaller\ATMLWorkbenchInstaller.wixproj", "{0D9BF78F-AE1F-482C-BDB9-D71CEBF456B0}"
EndProject
Project("{930C7802-8A8C-48F9-8165-68863BCCD9DD}") = "ATMLWorkBenchInstallerx64", "..\..\ATMLWorkbenchInstallers\ATML64bitInstaller\ATMLWorkBenchInstallerx64.wixproj", "{216EE888-AF5F-48D4-8C4A-F761588EF478}"
EndProject
Project("{930C7802-8A8C-48F9-8165-68863BCCD9DD}") = "ATML Workbench Bootstrapper", "..\..\ATMLWorkbenchInstallers\ATML32bitBootstrapper\ATML Workbench Bootstrapper.wixproj", "{E2894877-5A85-40E6-A759-550804133E6B}"
EndProject
Project("{930C7802-8A8C-48F9-8165-68863BCCD9DD}") = "ATML Workbench Bootstrapper x64", "..\..\ATMLWorkbenchInstallers\ATML64bitBootstrapper\ATML Workbench Bootstrapper x64.wixproj", "{3593B492-2F69-49F7-9F9C-5CACC169A521}"
EndProject
Project("{FAE04EC0-301F-11D3-BF4B-00C04F79EFBC}") = "ATMLCustomAction", "..\..\ATMLWorkbenchInstallers\ATMLCustomAction\ATMLCustomAction.csproj", "{B0925369-3F5A-4AE6-9395-13ADA2D952DF}"
EndProject
Global
	GlobalSection(SolutionConfigurationPlatforms) = preSolution
		Debug(x64)|Any CPU = Debug(x64)|Any CPU
		Debug(x64)|Mixed Platforms = Debug(x64)|Mixed Platforms
		Debug(x64)|x64 = Debug(x64)|x64
		Debug(x64)|x86 = Debug(x64)|x86
		Debug|Any CPU = Debug|Any CPU
		Debug|Mixed Platforms = Debug|Mixed Platforms
		Debug|x64 = Debug|x64
		Debug|x86 = Debug|x86
		Release(x64)|Any CPU = Release(x64)|Any CPU
		Release(x64)|Mixed Platforms = Release(x64)|Mixed Platforms
		Release(x64)|x64 = Release(x64)|x64
		Release(x64)|x86 = Release(x64)|x86
		Release|Any CPU = Release|Any CPU
		Release|Mixed Platforms = Release|Mixed Platforms
		Release|x64 = Release|x64
		Release|x86 = Release|x86
	EndGlobalSection
	GlobalSection(ProjectConfigurationPlatforms) = postSolution
		{E97C80E6-1A18-4B9F-B173-5494CC52E40A}.Debug(x64)|Any CPU.ActiveCfg = Debug(x64)|Any CPU
		{E97C80E6-1A18-4B9F-B173-5494CC52E40A}.Debug(x64)|Any CPU.Build.0 = Debug(x64)|Any CPU
		{E97C80E6-1A18-4B9F-B173-5494CC52E40A}.Debug(x64)|Mixed Platforms.ActiveCfg = Debug(x64)|x86
		{E97C80E6-1A18-4B9F-B173-5494CC52E40A}.Debug(x64)|Mixed Platforms.Build.0 = Debug(x64)|x86
		{E97C80E6-1A18-4B9F-B173-5494CC52E40A}.Debug(x64)|x64.ActiveCfg = Debug(x64)|x64
		{E97C80E6-1A18-4B9F-B173-5494CC52E40A}.Debug(x64)|x64.Build.0 = Debug(x64)|x64
		{E97C80E6-1A18-4B9F-B173-5494CC52E40A}.Debug(x64)|x86.ActiveCfg = Debug(x64)|x86
		{E97C80E6-1A18-4B9F-B173-5494CC52E40A}.Debug(x64)|x86.Build.0 = Debug(x64)|x86
		{E97C80E6-1A18-4B9F-B173-5494CC52E40A}.Debug|Any CPU.ActiveCfg = Debug|x86
		{E97C80E6-1A18-4B9F-B173-5494CC52E40A}.Debug|Any CPU.Build.0 = Debug|x86
		{E97C80E6-1A18-4B9F-B173-5494CC52E40A}.Debug|Mixed Platforms.ActiveCfg = Debug|x86
		{E97C80E6-1A18-4B9F-B173-5494CC52E40A}.Debug|Mixed Platforms.Build.0 = Debug|x86
		{E97C80E6-1A18-4B9F-B173-5494CC52E40A}.Debug|x64.ActiveCfg = Debug|x64
		{E97C80E6-1A18-4B9F-B173-5494CC52E40A}.Debug|x64.Build.0 = Debug|x64
		{E97C80E6-1A18-4B9F-B173-5494CC52E40A}.Debug|x86.ActiveCfg = Debug|x86
		{E97C80E6-1A18-4B9F-B173-5494CC52E40A}.Debug|x86.Build.0 = Debug|x86
		{E97C80E6-1A18-4B9F-B173-5494CC52E40A}.Release(x64)|Any CPU.ActiveCfg = Release(x64)|Any CPU
		{E97C80E6-1A18-4B9F-B173-5494CC52E40A}.Release(x64)|Any CPU.Build.0 = Release(x64)|Any CPU
		{E97C80E6-1A18-4B9F-B173-5494CC52E40A}.Release(x64)|Mixed Platforms.ActiveCfg = Release(x64)|x86
		{E97C80E6-1A18-4B9F-B173-5494CC52E40A}.Release(x64)|Mixed Platforms.Build.0 = Release(x64)|x86
		{E97C80E6-1A18-4B9F-B173-5494CC52E40A}.Release(x64)|x64.ActiveCfg = Release(x64)|x64
		{E97C80E6-1A18-4B9F-B173-5494CC52E40A}.Release(x64)|x64.Build.0 = Release(x64)|x64
		{E97C80E6-1A18-4B9F-B173-5494CC52E40A}.Release(x64)|x86.ActiveCfg = Release(x64)|x86
		{E97C80E6-1A18-4B9F-B173-5494CC52E40A}.Release(x64)|x86.Build.0 = Release(x64)|x86
		{E97C80E6-1A18-4B9F-B173-5494CC52E40A}.Release|Any CPU.ActiveCfg = Release|Any CPU
		{E97C80E6-1A18-4B9F-B173-5494CC52E40A}.Release|Any CPU.Build.0 = Release|Any CPU
		{E97C80E6-1A18-4B9F-B173-5494CC52E40A}.Release|Mixed Platforms.ActiveCfg = Release|x86
		{E97C80E6-1A18-4B9F-B173-5494CC52E40A}.Release|Mixed Platforms.Build.0 = Release|x86
		{E97C80E6-1A18-4B9F-B173-5494CC52E40A}.Release|x64.ActiveCfg = Release|x64
		{E97C80E6-1A18-4B9F-B173-5494CC52E40A}.Release|x64.Build.0 = Release|x64
		{E97C80E6-1A18-4B9F-B173-5494CC52E40A}.Release|x86.ActiveCfg = Release|x86
		{E97C80E6-1A18-4B9F-B173-5494CC52E40A}.Release|x86.Build.0 = Release|x86
		{104CB0CD-20EB-4B19-92F2-3FE9588E95C7}.Debug(x64)|Any CPU.ActiveCfg = Debug(x64)|Any CPU
		{104CB0CD-20EB-4B19-92F2-3FE9588E95C7}.Debug(x64)|Any CPU.Build.0 = Debug(x64)|Any CPU
		{104CB0CD-20EB-4B19-92F2-3FE9588E95C7}.Debug(x64)|Mixed Platforms.ActiveCfg = Debug(x64)|Any CPU
		{104CB0CD-20EB-4B19-92F2-3FE9588E95C7}.Debug(x64)|Mixed Platforms.Build.0 = Debug(x64)|Any CPU
		{104CB0CD-20EB-4B19-92F2-3FE9588E95C7}.Debug(x64)|x64.ActiveCfg = Debug(x64)|Any CPU
		{104CB0CD-20EB-4B19-92F2-3FE9588E95C7}.Debug(x64)|x86.ActiveCfg = Debug(x64)|Any CPU
		{104CB0CD-20EB-4B19-92F2-3FE9588E95C7}.Debug|Any CPU.ActiveCfg = Debug|Any CPU
		{104CB0CD-20EB-4B19-92F2-3FE9588E95C7}.Debug|Any CPU.Build.0 = Debug|Any CPU
		{104CB0CD-20EB-4B19-92F2-3FE9588E95C7}.Debug|Mixed Platforms.ActiveCfg = Debug|Any CPU
		{104CB0CD-20EB-4B19-92F2-3FE9588E95C7}.Debug|Mixed Platforms.Build.0 = Debug|Any CPU
		{104CB0CD-20EB-4B19-92F2-3FE9588E95C7}.Debug|x64.ActiveCfg = Debug|Any CPU
		{104CB0CD-20EB-4B19-92F2-3FE9588E95C7}.Debug|x86.ActiveCfg = Debug|Any CPU
		{104CB0CD-20EB-4B19-92F2-3FE9588E95C7}.Release(x64)|Any CPU.ActiveCfg = Release(x64)|Any CPU
		{104CB0CD-20EB-4B19-92F2-3FE9588E95C7}.Release(x64)|Any CPU.Build.0 = Release(x64)|Any CPU
		{104CB0CD-20EB-4B19-92F2-3FE9588E95C7}.Release(x64)|Mixed Platforms.ActiveCfg = Release(x64)|Any CPU
		{104CB0CD-20EB-4B19-92F2-3FE9588E95C7}.Release(x64)|Mixed Platforms.Build.0 = Release(x64)|Any CPU
		{104CB0CD-20EB-4B19-92F2-3FE9588E95C7}.Release(x64)|x64.ActiveCfg = Release(x64)|Any CPU
		{104CB0CD-20EB-4B19-92F2-3FE9588E95C7}.Release(x64)|x86.ActiveCfg = Release(x64)|Any CPU
		{104CB0CD-20EB-4B19-92F2-3FE9588E95C7}.Release|Any CPU.ActiveCfg = Release|Any CPU
		{104CB0CD-20EB-4B19-92F2-3FE9588E95C7}.Release|Any CPU.Build.0 = Release|Any CPU
		{104CB0CD-20EB-4B19-92F2-3FE9588E95C7}.Release|Mixed Platforms.ActiveCfg = Release|Any CPU
		{104CB0CD-20EB-4B19-92F2-3FE9588E95C7}.Release|Mixed Platforms.Build.0 = Release|Any CPU
		{104CB0CD-20EB-4B19-92F2-3FE9588E95C7}.Release|x64.ActiveCfg = Release|Any CPU
		{104CB0CD-20EB-4B19-92F2-3FE9588E95C7}.Release|x86.ActiveCfg = Release|Any CPU
		{C60E5DAE-E39D-47F6-BA9A-02C3C75C8198}.Debug(x64)|Any CPU.ActiveCfg = Debug(x64)|Any CPU
		{C60E5DAE-E39D-47F6-BA9A-02C3C75C8198}.Debug(x64)|Any CPU.Build.0 = Debug(x64)|Any CPU
		{C60E5DAE-E39D-47F6-BA9A-02C3C75C8198}.Debug(x64)|Mixed Platforms.ActiveCfg = Debug(x64)|Any CPU
		{C60E5DAE-E39D-47F6-BA9A-02C3C75C8198}.Debug(x64)|Mixed Platforms.Build.0 = Debug(x64)|Any CPU
		{C60E5DAE-E39D-47F6-BA9A-02C3C75C8198}.Debug(x64)|x64.ActiveCfg = Debug(x64)|Any CPU
		{C60E5DAE-E39D-47F6-BA9A-02C3C75C8198}.Debug(x64)|x86.ActiveCfg = Debug(x64)|Any CPU
		{C60E5DAE-E39D-47F6-BA9A-02C3C75C8198}.Debug|Any CPU.ActiveCfg = Debug|Any CPU
		{C60E5DAE-E39D-47F6-BA9A-02C3C75C8198}.Debug|Any CPU.Build.0 = Debug|Any CPU
		{C60E5DAE-E39D-47F6-BA9A-02C3C75C8198}.Debug|Mixed Platforms.ActiveCfg = Debug|Any CPU
		{C60E5DAE-E39D-47F6-BA9A-02C3C75C8198}.Debug|Mixed Platforms.Build.0 = Debug|Any CPU
		{C60E5DAE-E39D-47F6-BA9A-02C3C75C8198}.Debug|x64.ActiveCfg = Debug|Any CPU
		{C60E5DAE-E39D-47F6-BA9A-02C3C75C8198}.Debug|x86.ActiveCfg = Debug|Any CPU
		{C60E5DAE-E39D-47F6-BA9A-02C3C75C8198}.Release(x64)|Any CPU.ActiveCfg = Release(x64)|Any CPU
		{C60E5DAE-E39D-47F6-BA9A-02C3C75C8198}.Release(x64)|Any CPU.Build.0 = Release(x64)|Any CPU
		{C60E5DAE-E39D-47F6-BA9A-02C3C75C8198}.Release(x64)|Mixed Platforms.ActiveCfg = Release(x64)|Any CPU
		{C60E5DAE-E39D-47F6-BA9A-02C3C75C8198}.Release(x64)|Mixed Platforms.Build.0 = Release(x64)|Any CPU
		{C60E5DAE-E39D-47F6-BA9A-02C3C75C8198}.Release(x64)|x64.ActiveCfg = Release(x64)|Any CPU
		{C60E5DAE-E39D-47F6-BA9A-02C3C75C8198}.Release(x64)|x86.ActiveCfg = Release(x64)|Any CPU
		{C60E5DAE-E39D-47F6-BA9A-02C3C75C8198}.Release|Any CPU.ActiveCfg = Release|Any CPU
		{C60E5DAE-E39D-47F6-BA9A-02C3C75C8198}.Release|Any CPU.Build.0 = Release|Any CPU
		{C60E5DAE-E39D-47F6-BA9A-02C3C75C8198}.Release|Mixed Platforms.ActiveCfg = Release|Any CPU
		{C60E5DAE-E39D-47F6-BA9A-02C3C75C8198}.Release|Mixed Platforms.Build.0 = Release|Any CPU
		{C60E5DAE-E39D-47F6-BA9A-02C3C75C8198}.Release|x64.ActiveCfg = Release|Any CPU
		{C60E5DAE-E39D-47F6-BA9A-02C3C75C8198}.Release|x86.ActiveCfg = Release|Any CPU
		{869A81F4-256E-4910-8FEE-DFE1F7E0A8EE}.Debug(x64)|Any CPU.ActiveCfg = Debug(x64)|Any CPU
		{869A81F4-256E-4910-8FEE-DFE1F7E0A8EE}.Debug(x64)|Any CPU.Build.0 = Debug(x64)|Any CPU
		{869A81F4-256E-4910-8FEE-DFE1F7E0A8EE}.Debug(x64)|Mixed Platforms.ActiveCfg = Debug(x64)|Any CPU
		{869A81F4-256E-4910-8FEE-DFE1F7E0A8EE}.Debug(x64)|Mixed Platforms.Build.0 = Debug(x64)|Any CPU
		{869A81F4-256E-4910-8FEE-DFE1F7E0A8EE}.Debug(x64)|x64.ActiveCfg = Debug(x64)|x86
		{869A81F4-256E-4910-8FEE-DFE1F7E0A8EE}.Debug(x64)|x86.ActiveCfg = Debug(x64)|x86
		{869A81F4-256E-4910-8FEE-DFE1F7E0A8EE}.Debug(x64)|x86.Build.0 = Debug(x64)|x86
		{869A81F4-256E-4910-8FEE-DFE1F7E0A8EE}.Debug|Any CPU.ActiveCfg = Debug|Any CPU
		{869A81F4-256E-4910-8FEE-DFE1F7E0A8EE}.Debug|Any CPU.Build.0 = Debug|Any CPU
		{869A81F4-256E-4910-8FEE-DFE1F7E0A8EE}.Debug|Mixed Platforms.ActiveCfg = Debug|Any CPU
		{869A81F4-256E-4910-8FEE-DFE1F7E0A8EE}.Debug|Mixed Platforms.Build.0 = Debug|Any CPU
		{869A81F4-256E-4910-8FEE-DFE1F7E0A8EE}.Debug|x64.ActiveCfg = Debug|x86
		{869A81F4-256E-4910-8FEE-DFE1F7E0A8EE}.Debug|x86.ActiveCfg = Debug|x86
		{869A81F4-256E-4910-8FEE-DFE1F7E0A8EE}.Debug|x86.Build.0 = Debug|x86
		{869A81F4-256E-4910-8FEE-DFE1F7E0A8EE}.Release(x64)|Any CPU.ActiveCfg = Release(x64)|Any CPU
		{869A81F4-256E-4910-8FEE-DFE1F7E0A8EE}.Release(x64)|Any CPU.Build.0 = Release(x64)|Any CPU
		{869A81F4-256E-4910-8FEE-DFE1F7E0A8EE}.Release(x64)|Mixed Platforms.ActiveCfg = Release(x64)|Any CPU
		{869A81F4-256E-4910-8FEE-DFE1F7E0A8EE}.Release(x64)|Mixed Platforms.Build.0 = Release(x64)|Any CPU
		{869A81F4-256E-4910-8FEE-DFE1F7E0A8EE}.Release(x64)|x64.ActiveCfg = Release(x64)|x86
		{869A81F4-256E-4910-8FEE-DFE1F7E0A8EE}.Release(x64)|x86.ActiveCfg = Release(x64)|x86
		{869A81F4-256E-4910-8FEE-DFE1F7E0A8EE}.Release(x64)|x86.Build.0 = Release(x64)|x86
		{869A81F4-256E-4910-8FEE-DFE1F7E0A8EE}.Release|Any CPU.ActiveCfg = Release|Any CPU
		{869A81F4-256E-4910-8FEE-DFE1F7E0A8EE}.Release|Any CPU.Build.0 = Release|Any CPU
		{869A81F4-256E-4910-8FEE-DFE1F7E0A8EE}.Release|Mixed Platforms.ActiveCfg = Release|Any CPU
		{869A81F4-256E-4910-8FEE-DFE1F7E0A8EE}.Release|Mixed Platforms.Build.0 = Release|Any CPU
		{869A81F4-256E-4910-8FEE-DFE1F7E0A8EE}.Release|x64.ActiveCfg = Release|x86
		{869A81F4-256E-4910-8FEE-DFE1F7E0A8EE}.Release|x86.ActiveCfg = Release|x86
		{869A81F4-256E-4910-8FEE-DFE1F7E0A8EE}.Release|x86.Build.0 = Release|x86
		{71632688-04AE-491A-9D2F-EE05FC0400D4}.Debug(x64)|Any CPU.ActiveCfg = Debug(x64)|Any CPU
		{71632688-04AE-491A-9D2F-EE05FC0400D4}.Debug(x64)|Any CPU.Build.0 = Debug(x64)|Any CPU
		{71632688-04AE-491A-9D2F-EE05FC0400D4}.Debug(x64)|Mixed Platforms.ActiveCfg = Debug(x64)|Any CPU
		{71632688-04AE-491A-9D2F-EE05FC0400D4}.Debug(x64)|Mixed Platforms.Build.0 = Debug(x64)|Any CPU
		{71632688-04AE-491A-9D2F-EE05FC0400D4}.Debug(x64)|x64.ActiveCfg = Debug(x64)|Any CPU
		{71632688-04AE-491A-9D2F-EE05FC0400D4}.Debug(x64)|x86.ActiveCfg = Debug(x64)|Any CPU
		{71632688-04AE-491A-9D2F-EE05FC0400D4}.Debug|Any CPU.ActiveCfg = Debug|Any CPU
		{71632688-04AE-491A-9D2F-EE05FC0400D4}.Debug|Any CPU.Build.0 = Debug|Any CPU
		{71632688-04AE-491A-9D2F-EE05FC0400D4}.Debug|Mixed Platforms.ActiveCfg = Debug|Any CPU
		{71632688-04AE-491A-9D2F-EE05FC0400D4}.Debug|Mixed Platforms.Build.0 = Debug|Any CPU
		{71632688-04AE-491A-9D2F-EE05FC0400D4}.Debug|x64.ActiveCfg = Debug|Any CPU
		{71632688-04AE-491A-9D2F-EE05FC0400D4}.Debug|x86.ActiveCfg = Debug|Any CPU
		{71632688-04AE-491A-9D2F-EE05FC0400D4}.Release(x64)|Any CPU.ActiveCfg = Release(x64)|Any CPU
		{71632688-04AE-491A-9D2F-EE05FC0400D4}.Release(x64)|Any CPU.Build.0 = Release(x64)|Any CPU
		{71632688-04AE-491A-9D2F-EE05FC0400D4}.Release(x64)|Mixed Platforms.ActiveCfg = Release(x64)|Any CPU
		{71632688-04AE-491A-9D2F-EE05FC0400D4}.Release(x64)|Mixed Platforms.Build.0 = Release(x64)|Any CPU
		{71632688-04AE-491A-9D2F-EE05FC0400D4}.Release(x64)|x64.ActiveCfg = Release(x64)|Any CPU
		{71632688-04AE-491A-9D2F-EE05FC0400D4}.Release(x64)|x86.ActiveCfg = Release(x64)|Any CPU
		{71632688-04AE-491A-9D2F-EE05FC0400D4}.Release|Any CPU.ActiveCfg = Release|Any CPU
		{71632688-04AE-491A-9D2F-EE05FC0400D4}.Release|Any CPU.Build.0 = Release|Any CPU
		{71632688-04AE-491A-9D2F-EE05FC0400D4}.Release|Mixed Platforms.ActiveCfg = Release|Any CPU
		{71632688-04AE-491A-9D2F-EE05FC0400D4}.Release|Mixed Platforms.Build.0 = Release|Any CPU
		{71632688-04AE-491A-9D2F-EE05FC0400D4}.Release|x64.ActiveCfg = Release|Any CPU
		{71632688-04AE-491A-9D2F-EE05FC0400D4}.Release|x86.ActiveCfg = Release|Any CPU
		{F48E6BE2-2E30-4048-8E38-F4F3DEF51D03}.Debug(x64)|Any CPU.ActiveCfg = Debug(x64)|Any CPU
		{F48E6BE2-2E30-4048-8E38-F4F3DEF51D03}.Debug(x64)|Any CPU.Build.0 = Debug(x64)|Any CPU
		{F48E6BE2-2E30-4048-8E38-F4F3DEF51D03}.Debug(x64)|Mixed Platforms.ActiveCfg = Debug(x64)|Any CPU
		{F48E6BE2-2E30-4048-8E38-F4F3DEF51D03}.Debug(x64)|Mixed Platforms.Build.0 = Debug(x64)|Any CPU
		{F48E6BE2-2E30-4048-8E38-F4F3DEF51D03}.Debug(x64)|x64.ActiveCfg = Debug(x64)|Any CPU
		{F48E6BE2-2E30-4048-8E38-F4F3DEF51D03}.Debug(x64)|x86.ActiveCfg = Debug(x64)|Any CPU
		{F48E6BE2-2E30-4048-8E38-F4F3DEF51D03}.Debug|Any CPU.ActiveCfg = Debug|Any CPU
		{F48E6BE2-2E30-4048-8E38-F4F3DEF51D03}.Debug|Any CPU.Build.0 = Debug|Any CPU
		{F48E6BE2-2E30-4048-8E38-F4F3DEF51D03}.Debug|Mixed Platforms.ActiveCfg = Debug|Any CPU
		{F48E6BE2-2E30-4048-8E38-F4F3DEF51D03}.Debug|Mixed Platforms.Build.0 = Debug|Any CPU
		{F48E6BE2-2E30-4048-8E38-F4F3DEF51D03}.Debug|x64.ActiveCfg = Debug|Any CPU
		{F48E6BE2-2E30-4048-8E38-F4F3DEF51D03}.Debug|x86.ActiveCfg = Debug|Any CPU
		{F48E6BE2-2E30-4048-8E38-F4F3DEF51D03}.Release(x64)|Any CPU.ActiveCfg = Release(x64)|Any CPU
		{F48E6BE2-2E30-4048-8E38-F4F3DEF51D03}.Release(x64)|Any CPU.Build.0 = Release(x64)|Any CPU
		{F48E6BE2-2E30-4048-8E38-F4F3DEF51D03}.Release(x64)|Mixed Platforms.ActiveCfg = Release(x64)|Any CPU
		{F48E6BE2-2E30-4048-8E38-F4F3DEF51D03}.Release(x64)|Mixed Platforms.Build.0 = Release(x64)|Any CPU
		{F48E6BE2-2E30-4048-8E38-F4F3DEF51D03}.Release(x64)|x64.ActiveCfg = Release(x64)|Any CPU
		{F48E6BE2-2E30-4048-8E38-F4F3DEF51D03}.Release(x64)|x86.ActiveCfg = Release(x64)|Any CPU
		{F48E6BE2-2E30-4048-8E38-F4F3DEF51D03}.Release|Any CPU.ActiveCfg = Release|Any CPU
		{F48E6BE2-2E30-4048-8E38-F4F3DEF51D03}.Release|Any CPU.Build.0 = Release|Any CPU
		{F48E6BE2-2E30-4048-8E38-F4F3DEF51D03}.Release|Mixed Platforms.ActiveCfg = Release|Any CPU
		{F48E6BE2-2E30-4048-8E38-F4F3DEF51D03}.Release|Mixed Platforms.Build.0 = Release|Any CPU
		{F48E6BE2-2E30-4048-8E38-F4F3DEF51D03}.Release|x64.ActiveCfg = Release|Any CPU
		{F48E6BE2-2E30-4048-8E38-F4F3DEF51D03}.Release|x86.ActiveCfg = Release|Any CPU
		{7D901DC2-68ED-45A9-A883-1C5355EFC35B}.Debug(x64)|Any CPU.ActiveCfg = Debug(x64)|Any CPU
		{7D901DC2-68ED-45A9-A883-1C5355EFC35B}.Debug(x64)|Any CPU.Build.0 = Debug(x64)|Any CPU
		{7D901DC2-68ED-45A9-A883-1C5355EFC35B}.Debug(x64)|Mixed Platforms.ActiveCfg = Debug(x64)|Any CPU
		{7D901DC2-68ED-45A9-A883-1C5355EFC35B}.Debug(x64)|Mixed Platforms.Build.0 = Debug(x64)|Any CPU
		{7D901DC2-68ED-45A9-A883-1C5355EFC35B}.Debug(x64)|x64.ActiveCfg = Debug(x64)|Any CPU
		{7D901DC2-68ED-45A9-A883-1C5355EFC35B}.Debug(x64)|x86.ActiveCfg = Debug(x64)|Any CPU
		{7D901DC2-68ED-45A9-A883-1C5355EFC35B}.Debug|Any CPU.ActiveCfg = Debug|Any CPU
		{7D901DC2-68ED-45A9-A883-1C5355EFC35B}.Debug|Any CPU.Build.0 = Debug|Any CPU
		{7D901DC2-68ED-45A9-A883-1C5355EFC35B}.Debug|Mixed Platforms.ActiveCfg = Debug|Any CPU
		{7D901DC2-68ED-45A9-A883-1C5355EFC35B}.Debug|Mixed Platforms.Build.0 = Debug|Any CPU
		{7D901DC2-68ED-45A9-A883-1C5355EFC35B}.Debug|x64.ActiveCfg = Debug|Any CPU
		{7D901DC2-68ED-45A9-A883-1C5355EFC35B}.Debug|x86.ActiveCfg = Debug|Any CPU
		{7D901DC2-68ED-45A9-A883-1C5355EFC35B}.Release(x64)|Any CPU.ActiveCfg = Release(x64)|Any CPU
		{7D901DC2-68ED-45A9-A883-1C5355EFC35B}.Release(x64)|Any CPU.Build.0 = Release(x64)|Any CPU
		{7D901DC2-68ED-45A9-A883-1C5355EFC35B}.Release(x64)|Mixed Platforms.ActiveCfg = Release(x64)|Any CPU
		{7D901DC2-68ED-45A9-A883-1C5355EFC35B}.Release(x64)|Mixed Platforms.Build.0 = Release(x64)|Any CPU
		{7D901DC2-68ED-45A9-A883-1C5355EFC35B}.Release(x64)|x64.ActiveCfg = Release(x64)|Any CPU
		{7D901DC2-68ED-45A9-A883-1C5355EFC35B}.Release(x64)|x86.ActiveCfg = Release(x64)|Any CPU
		{7D901DC2-68ED-45A9-A883-1C5355EFC35B}.Release|Any CPU.ActiveCfg = Release|Any CPU
		{7D901DC2-68ED-45A9-A883-1C5355EFC35B}.Release|Any CPU.Build.0 = Release|Any CPU
		{7D901DC2-68ED-45A9-A883-1C5355EFC35B}.Release|Mixed Platforms.ActiveCfg = Release|Any CPU
		{7D901DC2-68ED-45A9-A883-1C5355EFC35B}.Release|Mixed Platforms.Build.0 = Release|Any CPU
		{7D901DC2-68ED-45A9-A883-1C5355EFC35B}.Release|x64.ActiveCfg = Release|Any CPU
		{7D901DC2-68ED-45A9-A883-1C5355EFC35B}.Release|x86.ActiveCfg = Release|Any CPU
		{A82AAA85-A772-40A2-84C2-15C6997D029F}.Debug(x64)|Any CPU.ActiveCfg = Debug(x64)|Any CPU
		{A82AAA85-A772-40A2-84C2-15C6997D029F}.Debug(x64)|Any CPU.Build.0 = Debug(x64)|Any CPU
		{A82AAA85-A772-40A2-84C2-15C6997D029F}.Debug(x64)|Mixed Platforms.ActiveCfg = Debug(x64)|Any CPU
		{A82AAA85-A772-40A2-84C2-15C6997D029F}.Debug(x64)|Mixed Platforms.Build.0 = Debug(x64)|Any CPU
		{A82AAA85-A772-40A2-84C2-15C6997D029F}.Debug(x64)|x64.ActiveCfg = Debug(x64)|Any CPU
		{A82AAA85-A772-40A2-84C2-15C6997D029F}.Debug(x64)|x86.ActiveCfg = Debug(x64)|Any CPU
		{A82AAA85-A772-40A2-84C2-15C6997D029F}.Debug|Any CPU.ActiveCfg = Debug|Any CPU
		{A82AAA85-A772-40A2-84C2-15C6997D029F}.Debug|Any CPU.Build.0 = Debug|Any CPU
		{A82AAA85-A772-40A2-84C2-15C6997D029F}.Debug|Mixed Platforms.ActiveCfg = Debug|Any CPU
		{A82AAA85-A772-40A2-84C2-15C6997D029F}.Debug|Mixed Platforms.Build.0 = Debug|Any CPU
		{A82AAA85-A772-40A2-84C2-15C6997D029F}.Debug|x64.ActiveCfg = Debug|Any CPU
		{A82AAA85-A772-40A2-84C2-15C6997D029F}.Debug|x86.ActiveCfg = Debug|Any CPU
		{A82AAA85-A772-40A2-84C2-15C6997D029F}.Release(x64)|Any CPU.ActiveCfg = Release(x64)|Any CPU
		{A82AAA85-A772-40A2-84C2-15C6997D029F}.Release(x64)|Any CPU.Build.0 = Release(x64)|Any CPU
		{A82AAA85-A772-40A2-84C2-15C6997D029F}.Release(x64)|Mixed Platforms.ActiveCfg = Release(x64)|Any CPU
		{A82AAA85-A772-40A2-84C2-15C6997D029F}.Release(x64)|Mixed Platforms.Build.0 = Release(x64)|Any CPU
		{A82AAA85-A772-40A2-84C2-15C6997D029F}.Release(x64)|x64.ActiveCfg = Release(x64)|Any CPU
		{A82AAA85-A772-40A2-84C2-15C6997D029F}.Release(x64)|x86.ActiveCfg = Release(x64)|Any CPU
		{A82AAA85-A772-40A2-84C2-15C6997D029F}.Release|Any CPU.ActiveCfg = Release|Any CPU
		{A82AAA85-A772-40A2-84C2-15C6997D029F}.Release|Any CPU.Build.0 = Release|Any CPU
		{A82AAA85-A772-40A2-84C2-15C6997D029F}.Release|Mixed Platforms.ActiveCfg = Release|Any CPU
		{A82AAA85-A772-40A2-84C2-15C6997D029F}.Release|Mixed Platforms.Build.0 = Release|Any CPU
		{A82AAA85-A772-40A2-84C2-15C6997D029F}.Release|x64.ActiveCfg = Release|Any CPU
		{A82AAA85-A772-40A2-84C2-15C6997D029F}.Release|x86.ActiveCfg = Release|Any CPU
		{99B831F6-9B1A-49DF-B836-B86CDDB6C682}.Debug(x64)|Any CPU.ActiveCfg = Debug(x64)|Any CPU
		{99B831F6-9B1A-49DF-B836-B86CDDB6C682}.Debug(x64)|Any CPU.Build.0 = Debug(x64)|Any CPU
		{99B831F6-9B1A-49DF-B836-B86CDDB6C682}.Debug(x64)|Mixed Platforms.ActiveCfg = Debug(x64)|Any CPU
		{99B831F6-9B1A-49DF-B836-B86CDDB6C682}.Debug(x64)|Mixed Platforms.Build.0 = Debug(x64)|Any CPU
		{99B831F6-9B1A-49DF-B836-B86CDDB6C682}.Debug(x64)|x64.ActiveCfg = Debug(x64)|Any CPU
		{99B831F6-9B1A-49DF-B836-B86CDDB6C682}.Debug(x64)|x86.ActiveCfg = Debug(x64)|Any CPU
		{99B831F6-9B1A-49DF-B836-B86CDDB6C682}.Debug|Any CPU.ActiveCfg = Debug|Any CPU
		{99B831F6-9B1A-49DF-B836-B86CDDB6C682}.Debug|Any CPU.Build.0 = Debug|Any CPU
		{99B831F6-9B1A-49DF-B836-B86CDDB6C682}.Debug|Mixed Platforms.ActiveCfg = Debug|Any CPU
		{99B831F6-9B1A-49DF-B836-B86CDDB6C682}.Debug|Mixed Platforms.Build.0 = Debug|Any CPU
		{99B831F6-9B1A-49DF-B836-B86CDDB6C682}.Debug|x64.ActiveCfg = Debug|Any CPU
		{99B831F6-9B1A-49DF-B836-B86CDDB6C682}.Debug|x86.ActiveCfg = Debug|Any CPU
		{99B831F6-9B1A-49DF-B836-B86CDDB6C682}.Release(x64)|Any CPU.ActiveCfg = Release(x64)|Any CPU
		{99B831F6-9B1A-49DF-B836-B86CDDB6C682}.Release(x64)|Any CPU.Build.0 = Release(x64)|Any CPU
		{99B831F6-9B1A-49DF-B836-B86CDDB6C682}.Release(x64)|Mixed Platforms.ActiveCfg = Release(x64)|Any CPU
		{99B831F6-9B1A-49DF-B836-B86CDDB6C682}.Release(x64)|Mixed Platforms.Build.0 = Release(x64)|Any CPU
		{99B831F6-9B1A-49DF-B836-B86CDDB6C682}.Release(x64)|x64.ActiveCfg = Release(x64)|Any CPU
		{99B831F6-9B1A-49DF-B836-B86CDDB6C682}.Release(x64)|x86.ActiveCfg = Release(x64)|Any CPU
		{99B831F6-9B1A-49DF-B836-B86CDDB6C682}.Release|Any CPU.ActiveCfg = Release|Any CPU
		{99B831F6-9B1A-49DF-B836-B86CDDB6C682}.Release|Any CPU.Build.0 = Release|Any CPU
		{99B831F6-9B1A-49DF-B836-B86CDDB6C682}.Release|Mixed Platforms.ActiveCfg = Release|Any CPU
		{99B831F6-9B1A-49DF-B836-B86CDDB6C682}.Release|Mixed Platforms.Build.0 = Release|Any CPU
		{99B831F6-9B1A-49DF-B836-B86CDDB6C682}.Release|x64.ActiveCfg = Release|Any CPU
		{99B831F6-9B1A-49DF-B836-B86CDDB6C682}.Release|x86.ActiveCfg = Release|Any CPU
		{7FCBCC82-F78E-400B-A160-B6DBF72D959F}.Debug(x64)|Any CPU.ActiveCfg = Debug(x64)|Any CPU
		{7FCBCC82-F78E-400B-A160-B6DBF72D959F}.Debug(x64)|Any CPU.Build.0 = Debug(x64)|Any CPU
		{7FCBCC82-F78E-400B-A160-B6DBF72D959F}.Debug(x64)|Mixed Platforms.ActiveCfg = Debug(x64)|Any CPU
		{7FCBCC82-F78E-400B-A160-B6DBF72D959F}.Debug(x64)|Mixed Platforms.Build.0 = Debug(x64)|Any CPU
		{7FCBCC82-F78E-400B-A160-B6DBF72D959F}.Debug(x64)|x64.ActiveCfg = Debug(x64)|Any CPU
		{7FCBCC82-F78E-400B-A160-B6DBF72D959F}.Debug(x64)|x86.ActiveCfg = Debug(x64)|Any CPU
		{7FCBCC82-F78E-400B-A160-B6DBF72D959F}.Debug|Any CPU.ActiveCfg = Debug|Any CPU
		{7FCBCC82-F78E-400B-A160-B6DBF72D959F}.Debug|Any CPU.Build.0 = Debug|Any CPU
		{7FCBCC82-F78E-400B-A160-B6DBF72D959F}.Debug|Mixed Platforms.ActiveCfg = Debug|Any CPU
		{7FCBCC82-F78E-400B-A160-B6DBF72D959F}.Debug|Mixed Platforms.Build.0 = Debug|Any CPU
		{7FCBCC82-F78E-400B-A160-B6DBF72D959F}.Debug|x64.ActiveCfg = Debug|Any CPU
		{7FCBCC82-F78E-400B-A160-B6DBF72D959F}.Debug|x86.ActiveCfg = Debug|Any CPU
		{7FCBCC82-F78E-400B-A160-B6DBF72D959F}.Release(x64)|Any CPU.ActiveCfg = Release(x64)|Any CPU
		{7FCBCC82-F78E-400B-A160-B6DBF72D959F}.Release(x64)|Any CPU.Build.0 = Release(x64)|Any CPU
		{7FCBCC82-F78E-400B-A160-B6DBF72D959F}.Release(x64)|Mixed Platforms.ActiveCfg = Release(x64)|Any CPU
		{7FCBCC82-F78E-400B-A160-B6DBF72D959F}.Release(x64)|Mixed Platforms.Build.0 = Release(x64)|Any CPU
		{7FCBCC82-F78E-400B-A160-B6DBF72D959F}.Release(x64)|x64.ActiveCfg = Release(x64)|Any CPU
		{7FCBCC82-F78E-400B-A160-B6DBF72D959F}.Release(x64)|x86.ActiveCfg = Release(x64)|Any CPU
		{7FCBCC82-F78E-400B-A160-B6DBF72D959F}.Release|Any CPU.ActiveCfg = Release|Any CPU
		{7FCBCC82-F78E-400B-A160-B6DBF72D959F}.Release|Any CPU.Build.0 = Release|Any CPU
		{7FCBCC82-F78E-400B-A160-B6DBF72D959F}.Release|Mixed Platforms.ActiveCfg = Release|Any CPU
		{7FCBCC82-F78E-400B-A160-B6DBF72D959F}.Release|Mixed Platforms.Build.0 = Release|Any CPU
		{7FCBCC82-F78E-400B-A160-B6DBF72D959F}.Release|x64.ActiveCfg = Release|Any CPU
		{7FCBCC82-F78E-400B-A160-B6DBF72D959F}.Release|x86.ActiveCfg = Release|Any CPU
		{2D038881-418B-4B2E-9AA8-89525DBA8BA6}.Debug(x64)|Any CPU.ActiveCfg = Debug(x64)|Any CPU
		{2D038881-418B-4B2E-9AA8-89525DBA8BA6}.Debug(x64)|Any CPU.Build.0 = Debug(x64)|Any CPU
		{2D038881-418B-4B2E-9AA8-89525DBA8BA6}.Debug(x64)|Mixed Platforms.ActiveCfg = Debug(x64)|Any CPU
		{2D038881-418B-4B2E-9AA8-89525DBA8BA6}.Debug(x64)|Mixed Platforms.Build.0 = Debug(x64)|Any CPU
		{2D038881-418B-4B2E-9AA8-89525DBA8BA6}.Debug(x64)|x64.ActiveCfg = Debug(x64)|Any CPU
		{2D038881-418B-4B2E-9AA8-89525DBA8BA6}.Debug(x64)|x86.ActiveCfg = Debug(x64)|Any CPU
		{2D038881-418B-4B2E-9AA8-89525DBA8BA6}.Debug|Any CPU.ActiveCfg = Debug|Any CPU
		{2D038881-418B-4B2E-9AA8-89525DBA8BA6}.Debug|Any CPU.Build.0 = Debug|Any CPU
		{2D038881-418B-4B2E-9AA8-89525DBA8BA6}.Debug|Mixed Platforms.ActiveCfg = Debug|Any CPU
		{2D038881-418B-4B2E-9AA8-89525DBA8BA6}.Debug|Mixed Platforms.Build.0 = Debug|Any CPU
		{2D038881-418B-4B2E-9AA8-89525DBA8BA6}.Debug|x64.ActiveCfg = Debug|Any CPU
		{2D038881-418B-4B2E-9AA8-89525DBA8BA6}.Debug|x86.ActiveCfg = Debug|Any CPU
		{2D038881-418B-4B2E-9AA8-89525DBA8BA6}.Release(x64)|Any CPU.ActiveCfg = Release(x64)|Any CPU
		{2D038881-418B-4B2E-9AA8-89525DBA8BA6}.Release(x64)|Any CPU.Build.0 = Release(x64)|Any CPU
		{2D038881-418B-4B2E-9AA8-89525DBA8BA6}.Release(x64)|Mixed Platforms.ActiveCfg = Release(x64)|Any CPU
		{2D038881-418B-4B2E-9AA8-89525DBA8BA6}.Release(x64)|Mixed Platforms.Build.0 = Release(x64)|Any CPU
		{2D038881-418B-4B2E-9AA8-89525DBA8BA6}.Release(x64)|x64.ActiveCfg = Release(x64)|Any CPU
		{2D038881-418B-4B2E-9AA8-89525DBA8BA6}.Release(x64)|x86.ActiveCfg = Release(x64)|Any CPU
		{2D038881-418B-4B2E-9AA8-89525DBA8BA6}.Release|Any CPU.ActiveCfg = Release|Any CPU
		{2D038881-418B-4B2E-9AA8-89525DBA8BA6}.Release|Any CPU.Build.0 = Release|Any CPU
		{2D038881-418B-4B2E-9AA8-89525DBA8BA6}.Release|Mixed Platforms.ActiveCfg = Release|Any CPU
		{2D038881-418B-4B2E-9AA8-89525DBA8BA6}.Release|Mixed Platforms.Build.0 = Release|Any CPU
		{2D038881-418B-4B2E-9AA8-89525DBA8BA6}.Release|x64.ActiveCfg = Release|Any CPU
		{2D038881-418B-4B2E-9AA8-89525DBA8BA6}.Release|x86.ActiveCfg = Release|Any CPU
		{6BFD6798-ACEA-41B2-8EA3-8D5C8A8BD5FB}.Debug(x64)|Any CPU.ActiveCfg = Debug(x64)|Any CPU
		{6BFD6798-ACEA-41B2-8EA3-8D5C8A8BD5FB}.Debug(x64)|Any CPU.Build.0 = Debug(x64)|Any CPU
		{6BFD6798-ACEA-41B2-8EA3-8D5C8A8BD5FB}.Debug(x64)|Mixed Platforms.ActiveCfg = Debug(x64)|Any CPU
		{6BFD6798-ACEA-41B2-8EA3-8D5C8A8BD5FB}.Debug(x64)|Mixed Platforms.Build.0 = Debug(x64)|Any CPU
		{6BFD6798-ACEA-41B2-8EA3-8D5C8A8BD5FB}.Debug(x64)|x64.ActiveCfg = Debug(x64)|Any CPU
		{6BFD6798-ACEA-41B2-8EA3-8D5C8A8BD5FB}.Debug(x64)|x86.ActiveCfg = Debug(x64)|Any CPU
		{6BFD6798-ACEA-41B2-8EA3-8D5C8A8BD5FB}.Debug|Any CPU.ActiveCfg = Debug|Any CPU
		{6BFD6798-ACEA-41B2-8EA3-8D5C8A8BD5FB}.Debug|Any CPU.Build.0 = Debug|Any CPU
		{6BFD6798-ACEA-41B2-8EA3-8D5C8A8BD5FB}.Debug|Mixed Platforms.ActiveCfg = Debug|Any CPU
		{6BFD6798-ACEA-41B2-8EA3-8D5C8A8BD5FB}.Debug|Mixed Platforms.Build.0 = Debug|Any CPU
		{6BFD6798-ACEA-41B2-8EA3-8D5C8A8BD5FB}.Debug|x64.ActiveCfg = Debug|Any CPU
		{6BFD6798-ACEA-41B2-8EA3-8D5C8A8BD5FB}.Debug|x86.ActiveCfg = Debug|Any CPU
		{6BFD6798-ACEA-41B2-8EA3-8D5C8A8BD5FB}.Release(x64)|Any CPU.ActiveCfg = Release(x64)|Any CPU
		{6BFD6798-ACEA-41B2-8EA3-8D5C8A8BD5FB}.Release(x64)|Any CPU.Build.0 = Release(x64)|Any CPU
		{6BFD6798-ACEA-41B2-8EA3-8D5C8A8BD5FB}.Release(x64)|Mixed Platforms.ActiveCfg = Release(x64)|Any CPU
		{6BFD6798-ACEA-41B2-8EA3-8D5C8A8BD5FB}.Release(x64)|Mixed Platforms.Build.0 = Release(x64)|Any CPU
		{6BFD6798-ACEA-41B2-8EA3-8D5C8A8BD5FB}.Release(x64)|x64.ActiveCfg = Release(x64)|Any CPU
		{6BFD6798-ACEA-41B2-8EA3-8D5C8A8BD5FB}.Release(x64)|x86.ActiveCfg = Release(x64)|Any CPU
		{6BFD6798-ACEA-41B2-8EA3-8D5C8A8BD5FB}.Release|Any CPU.ActiveCfg = Release|Any CPU
		{6BFD6798-ACEA-41B2-8EA3-8D5C8A8BD5FB}.Release|Any CPU.Build.0 = Release|Any CPU
		{6BFD6798-ACEA-41B2-8EA3-8D5C8A8BD5FB}.Release|Mixed Platforms.ActiveCfg = Release|Any CPU
		{6BFD6798-ACEA-41B2-8EA3-8D5C8A8BD5FB}.Release|Mixed Platforms.Build.0 = Release|Any CPU
		{6BFD6798-ACEA-41B2-8EA3-8D5C8A8BD5FB}.Release|x64.ActiveCfg = Release|Any CPU
		{6BFD6798-ACEA-41B2-8EA3-8D5C8A8BD5FB}.Release|x86.ActiveCfg = Release|Any CPU
		{5386282E-A995-4E29-9FE6-C39D03B7C52B}.Debug(x64)|Any CPU.ActiveCfg = Debug(x64)|Any CPU
		{5386282E-A995-4E29-9FE6-C39D03B7C52B}.Debug(x64)|Any CPU.Build.0 = Debug(x64)|Any CPU
		{5386282E-A995-4E29-9FE6-C39D03B7C52B}.Debug(x64)|Mixed Platforms.ActiveCfg = Debug(x64)|Any CPU
		{5386282E-A995-4E29-9FE6-C39D03B7C52B}.Debug(x64)|Mixed Platforms.Build.0 = Debug(x64)|Any CPU
		{5386282E-A995-4E29-9FE6-C39D03B7C52B}.Debug(x64)|x64.ActiveCfg = Debug(x64)|Any CPU
		{5386282E-A995-4E29-9FE6-C39D03B7C52B}.Debug(x64)|x86.ActiveCfg = Debug(x64)|Any CPU
		{5386282E-A995-4E29-9FE6-C39D03B7C52B}.Debug|Any CPU.ActiveCfg = Debug|Any CPU
		{5386282E-A995-4E29-9FE6-C39D03B7C52B}.Debug|Any CPU.Build.0 = Debug|Any CPU
		{5386282E-A995-4E29-9FE6-C39D03B7C52B}.Debug|Mixed Platforms.ActiveCfg = Debug|Any CPU
		{5386282E-A995-4E29-9FE6-C39D03B7C52B}.Debug|Mixed Platforms.Build.0 = Debug|Any CPU
		{5386282E-A995-4E29-9FE6-C39D03B7C52B}.Debug|x64.ActiveCfg = Debug|Any CPU
		{5386282E-A995-4E29-9FE6-C39D03B7C52B}.Debug|x86.ActiveCfg = Debug|Any CPU
		{5386282E-A995-4E29-9FE6-C39D03B7C52B}.Release(x64)|Any CPU.ActiveCfg = Release(x64)|Any CPU
		{5386282E-A995-4E29-9FE6-C39D03B7C52B}.Release(x64)|Any CPU.Build.0 = Release(x64)|Any CPU
		{5386282E-A995-4E29-9FE6-C39D03B7C52B}.Release(x64)|Mixed Platforms.ActiveCfg = Release(x64)|Any CPU
		{5386282E-A995-4E29-9FE6-C39D03B7C52B}.Release(x64)|Mixed Platforms.Build.0 = Release(x64)|Any CPU
		{5386282E-A995-4E29-9FE6-C39D03B7C52B}.Release(x64)|x64.ActiveCfg = Release(x64)|Any CPU
		{5386282E-A995-4E29-9FE6-C39D03B7C52B}.Release(x64)|x86.ActiveCfg = Release(x64)|Any CPU
		{5386282E-A995-4E29-9FE6-C39D03B7C52B}.Release|Any CPU.ActiveCfg = Release|Any CPU
		{5386282E-A995-4E29-9FE6-C39D03B7C52B}.Release|Any CPU.Build.0 = Release|Any CPU
		{5386282E-A995-4E29-9FE6-C39D03B7C52B}.Release|Mixed Platforms.ActiveCfg = Release|Any CPU
		{5386282E-A995-4E29-9FE6-C39D03B7C52B}.Release|Mixed Platforms.Build.0 = Release|Any CPU
		{5386282E-A995-4E29-9FE6-C39D03B7C52B}.Release|x64.ActiveCfg = Release|Any CPU
		{5386282E-A995-4E29-9FE6-C39D03B7C52B}.Release|x86.ActiveCfg = Release|Any CPU
		{42F58F52-995B-4244-A4FB-17EF4C09A874}.Debug(x64)|Any CPU.ActiveCfg = Debug(x64)|Any CPU
		{42F58F52-995B-4244-A4FB-17EF4C09A874}.Debug(x64)|Any CPU.Build.0 = Debug(x64)|Any CPU
		{42F58F52-995B-4244-A4FB-17EF4C09A874}.Debug(x64)|Mixed Platforms.ActiveCfg = Debug(x64)|Any CPU
		{42F58F52-995B-4244-A4FB-17EF4C09A874}.Debug(x64)|Mixed Platforms.Build.0 = Debug(x64)|Any CPU
		{42F58F52-995B-4244-A4FB-17EF4C09A874}.Debug(x64)|x64.ActiveCfg = Debug(x64)|Any CPU
		{42F58F52-995B-4244-A4FB-17EF4C09A874}.Debug(x64)|x86.ActiveCfg = Debug(x64)|Any CPU
		{42F58F52-995B-4244-A4FB-17EF4C09A874}.Debug|Any CPU.ActiveCfg = Debug|Any CPU
		{42F58F52-995B-4244-A4FB-17EF4C09A874}.Debug|Any CPU.Build.0 = Debug|Any CPU
		{42F58F52-995B-4244-A4FB-17EF4C09A874}.Debug|Mixed Platforms.ActiveCfg = Debug|Any CPU
		{42F58F52-995B-4244-A4FB-17EF4C09A874}.Debug|Mixed Platforms.Build.0 = Debug|Any CPU
		{42F58F52-995B-4244-A4FB-17EF4C09A874}.Debug|x64.ActiveCfg = Debug|Any CPU
		{42F58F52-995B-4244-A4FB-17EF4C09A874}.Debug|x86.ActiveCfg = Debug|Any CPU
		{42F58F52-995B-4244-A4FB-17EF4C09A874}.Release(x64)|Any CPU.ActiveCfg = Release(x64)|Any CPU
		{42F58F52-995B-4244-A4FB-17EF4C09A874}.Release(x64)|Any CPU.Build.0 = Release(x64)|Any CPU
		{42F58F52-995B-4244-A4FB-17EF4C09A874}.Release(x64)|Mixed Platforms.ActiveCfg = Release(x64)|Any CPU
		{42F58F52-995B-4244-A4FB-17EF4C09A874}.Release(x64)|Mixed Platforms.Build.0 = Release(x64)|Any CPU
		{42F58F52-995B-4244-A4FB-17EF4C09A874}.Release(x64)|x64.ActiveCfg = Release(x64)|Any CPU
		{42F58F52-995B-4244-A4FB-17EF4C09A874}.Release(x64)|x86.ActiveCfg = Release(x64)|Any CPU
		{42F58F52-995B-4244-A4FB-17EF4C09A874}.Release|Any CPU.ActiveCfg = Release|Any CPU
		{42F58F52-995B-4244-A4FB-17EF4C09A874}.Release|Any CPU.Build.0 = Release|Any CPU
		{42F58F52-995B-4244-A4FB-17EF4C09A874}.Release|Mixed Platforms.ActiveCfg = Release|Any CPU
		{42F58F52-995B-4244-A4FB-17EF4C09A874}.Release|Mixed Platforms.Build.0 = Release|Any CPU
		{42F58F52-995B-4244-A4FB-17EF4C09A874}.Release|x64.ActiveCfg = Release|Any CPU
		{42F58F52-995B-4244-A4FB-17EF4C09A874}.Release|x86.ActiveCfg = Release|Any CPU
		{0D9BF78F-AE1F-482C-BDB9-D71CEBF456B0}.Debug(x64)|Any CPU.ActiveCfg = Debug|x86
		{0D9BF78F-AE1F-482C-BDB9-D71CEBF456B0}.Debug(x64)|Mixed Platforms.ActiveCfg = Debug|x86
		{0D9BF78F-AE1F-482C-BDB9-D71CEBF456B0}.Debug(x64)|Mixed Platforms.Build.0 = Debug|x86
		{0D9BF78F-AE1F-482C-BDB9-D71CEBF456B0}.Debug(x64)|x64.ActiveCfg = Debug|x86
		{0D9BF78F-AE1F-482C-BDB9-D71CEBF456B0}.Debug(x64)|x86.ActiveCfg = Debug|x86
		{0D9BF78F-AE1F-482C-BDB9-D71CEBF456B0}.Debug(x64)|x86.Build.0 = Debug|x86
		{0D9BF78F-AE1F-482C-BDB9-D71CEBF456B0}.Debug|Any CPU.ActiveCfg = Debug|x86
		{0D9BF78F-AE1F-482C-BDB9-D71CEBF456B0}.Debug|Mixed Platforms.ActiveCfg = Debug|x86
		{0D9BF78F-AE1F-482C-BDB9-D71CEBF456B0}.Debug|Mixed Platforms.Build.0 = Debug|x86
		{0D9BF78F-AE1F-482C-BDB9-D71CEBF456B0}.Debug|x64.ActiveCfg = Debug|x86
		{0D9BF78F-AE1F-482C-BDB9-D71CEBF456B0}.Debug|x86.ActiveCfg = Debug|x86
		{0D9BF78F-AE1F-482C-BDB9-D71CEBF456B0}.Debug|x86.Build.0 = Debug|x86
		{0D9BF78F-AE1F-482C-BDB9-D71CEBF456B0}.Release(x64)|Any CPU.ActiveCfg = Release|x86
		{0D9BF78F-AE1F-482C-BDB9-D71CEBF456B0}.Release(x64)|Mixed Platforms.ActiveCfg = Release|x86
		{0D9BF78F-AE1F-482C-BDB9-D71CEBF456B0}.Release(x64)|Mixed Platforms.Build.0 = Release|x86
		{0D9BF78F-AE1F-482C-BDB9-D71CEBF456B0}.Release(x64)|x64.ActiveCfg = Release|x86
		{0D9BF78F-AE1F-482C-BDB9-D71CEBF456B0}.Release(x64)|x86.ActiveCfg = Release|x86
		{0D9BF78F-AE1F-482C-BDB9-D71CEBF456B0}.Release(x64)|x86.Build.0 = Release|x86
		{0D9BF78F-AE1F-482C-BDB9-D71CEBF456B0}.Release|Any CPU.ActiveCfg = Release|x86
		{0D9BF78F-AE1F-482C-BDB9-D71CEBF456B0}.Release|Mixed Platforms.ActiveCfg = Release|x86
		{0D9BF78F-AE1F-482C-BDB9-D71CEBF456B0}.Release|Mixed Platforms.Build.0 = Release|x86
		{0D9BF78F-AE1F-482C-BDB9-D71CEBF456B0}.Release|x64.ActiveCfg = Release|x86
		{0D9BF78F-AE1F-482C-BDB9-D71CEBF456B0}.Release|x86.ActiveCfg = Release|x86
		{0D9BF78F-AE1F-482C-BDB9-D71CEBF456B0}.Release|x86.Build.0 = Release|x86
		{216EE888-AF5F-48D4-8C4A-F761588EF478}.Debug(x64)|Any CPU.ActiveCfg = Debug|x64
		{216EE888-AF5F-48D4-8C4A-F761588EF478}.Debug(x64)|Mixed Platforms.ActiveCfg = Debug|x64
		{216EE888-AF5F-48D4-8C4A-F761588EF478}.Debug(x64)|Mixed Platforms.Build.0 = Debug|x64
		{216EE888-AF5F-48D4-8C4A-F761588EF478}.Debug(x64)|x64.ActiveCfg = Debug|x64
		{216EE888-AF5F-48D4-8C4A-F761588EF478}.Debug(x64)|x64.Build.0 = Debug|x64
		{216EE888-AF5F-48D4-8C4A-F761588EF478}.Debug(x64)|x86.ActiveCfg = Debug|x64
		{216EE888-AF5F-48D4-8C4A-F761588EF478}.Debug|Any CPU.ActiveCfg = Debug|x64
		{216EE888-AF5F-48D4-8C4A-F761588EF478}.Debug|Mixed Platforms.ActiveCfg = Debug|x64
		{216EE888-AF5F-48D4-8C4A-F761588EF478}.Debug|Mixed Platforms.Build.0 = Debug|x64
		{216EE888-AF5F-48D4-8C4A-F761588EF478}.Debug|x64.ActiveCfg = Debug|x64
		{216EE888-AF5F-48D4-8C4A-F761588EF478}.Debug|x64.Build.0 = Debug|x64
		{216EE888-AF5F-48D4-8C4A-F761588EF478}.Debug|x86.ActiveCfg = Debug|x86
		{216EE888-AF5F-48D4-8C4A-F761588EF478}.Debug|x86.Build.0 = Debug|x86
		{216EE888-AF5F-48D4-8C4A-F761588EF478}.Release(x64)|Any CPU.ActiveCfg = Release|x64
		{216EE888-AF5F-48D4-8C4A-F761588EF478}.Release(x64)|Mixed Platforms.ActiveCfg = Release|x64
		{216EE888-AF5F-48D4-8C4A-F761588EF478}.Release(x64)|Mixed Platforms.Build.0 = Release|x64
		{216EE888-AF5F-48D4-8C4A-F761588EF478}.Release(x64)|x64.ActiveCfg = Release|x64
		{216EE888-AF5F-48D4-8C4A-F761588EF478}.Release(x64)|x64.Build.0 = Release|x64
		{216EE888-AF5F-48D4-8C4A-F761588EF478}.Release(x64)|x86.ActiveCfg = Release|x64
		{216EE888-AF5F-48D4-8C4A-F761588EF478}.Release|Any CPU.ActiveCfg = Release|x64
		{216EE888-AF5F-48D4-8C4A-F761588EF478}.Release|Mixed Platforms.ActiveCfg = Release|x64
		{216EE888-AF5F-48D4-8C4A-F761588EF478}.Release|Mixed Platforms.Build.0 = Release|x64
		{216EE888-AF5F-48D4-8C4A-F761588EF478}.Release|x64.ActiveCfg = Release|x64
		{216EE888-AF5F-48D4-8C4A-F761588EF478}.Release|x64.Build.0 = Release|x64
		{216EE888-AF5F-48D4-8C4A-F761588EF478}.Release|x86.ActiveCfg = Release|x86
		{216EE888-AF5F-48D4-8C4A-F761588EF478}.Release|x86.Build.0 = Release|x86
		{E2894877-5A85-40E6-A759-550804133E6B}.Debug(x64)|Any CPU.ActiveCfg = Debug|x86
		{E2894877-5A85-40E6-A759-550804133E6B}.Debug(x64)|Mixed Platforms.ActiveCfg = Debug|x86
		{E2894877-5A85-40E6-A759-550804133E6B}.Debug(x64)|Mixed Platforms.Build.0 = Debug|x86
		{E2894877-5A85-40E6-A759-550804133E6B}.Debug(x64)|x64.ActiveCfg = Debug|x86
		{E2894877-5A85-40E6-A759-550804133E6B}.Debug(x64)|x86.ActiveCfg = Debug|x86
		{E2894877-5A85-40E6-A759-550804133E6B}.Debug(x64)|x86.Build.0 = Debug|x86
		{E2894877-5A85-40E6-A759-550804133E6B}.Debug|Any CPU.ActiveCfg = Debug|x86
		{E2894877-5A85-40E6-A759-550804133E6B}.Debug|Mixed Platforms.ActiveCfg = Debug|x86
		{E2894877-5A85-40E6-A759-550804133E6B}.Debug|Mixed Platforms.Build.0 = Debug|x86
		{E2894877-5A85-40E6-A759-550804133E6B}.Debug|x64.ActiveCfg = Debug|x86
		{E2894877-5A85-40E6-A759-550804133E6B}.Debug|x86.ActiveCfg = Debug|x86
		{E2894877-5A85-40E6-A759-550804133E6B}.Debug|x86.Build.0 = Debug|x86
		{E2894877-5A85-40E6-A759-550804133E6B}.Release(x64)|Any CPU.ActiveCfg = Release|x86
		{E2894877-5A85-40E6-A759-550804133E6B}.Release(x64)|Mixed Platforms.ActiveCfg = Release|x86
		{E2894877-5A85-40E6-A759-550804133E6B}.Release(x64)|Mixed Platforms.Build.0 = Release|x86
		{E2894877-5A85-40E6-A759-550804133E6B}.Release(x64)|x64.ActiveCfg = Release|x86
		{E2894877-5A85-40E6-A759-550804133E6B}.Release(x64)|x86.ActiveCfg = Release|x86
		{E2894877-5A85-40E6-A759-550804133E6B}.Release(x64)|x86.Build.0 = Release|x86
		{E2894877-5A85-40E6-A759-550804133E6B}.Release|Any CPU.ActiveCfg = Release|x86
		{E2894877-5A85-40E6-A759-550804133E6B}.Release|Mixed Platforms.ActiveCfg = Release|x86
		{E2894877-5A85-40E6-A759-550804133E6B}.Release|Mixed Platforms.Build.0 = Release|x86
		{E2894877-5A85-40E6-A759-550804133E6B}.Release|x64.ActiveCfg = Release|x86
		{E2894877-5A85-40E6-A759-550804133E6B}.Release|x86.ActiveCfg = Release|x86
		{E2894877-5A85-40E6-A759-550804133E6B}.Release|x86.Build.0 = Release|x86
		{3593B492-2F69-49F7-9F9C-5CACC169A521}.Debug(x64)|Any CPU.ActiveCfg = Debug|x64
		{3593B492-2F69-49F7-9F9C-5CACC169A521}.Debug(x64)|Mixed Platforms.ActiveCfg = Debug|x64
		{3593B492-2F69-49F7-9F9C-5CACC169A521}.Debug(x64)|Mixed Platforms.Build.0 = Debug|x64
		{3593B492-2F69-49F7-9F9C-5CACC169A521}.Debug(x64)|x64.ActiveCfg = Debug|x64
		{3593B492-2F69-49F7-9F9C-5CACC169A521}.Debug(x64)|x64.Build.0 = Debug|x64
		{3593B492-2F69-49F7-9F9C-5CACC169A521}.Debug(x64)|x86.ActiveCfg = Debug|x64
		{3593B492-2F69-49F7-9F9C-5CACC169A521}.Debug|Any CPU.ActiveCfg = Debug|x64
		{3593B492-2F69-49F7-9F9C-5CACC169A521}.Debug|Mixed Platforms.ActiveCfg = Debug|x64
		{3593B492-2F69-49F7-9F9C-5CACC169A521}.Debug|Mixed Platforms.Build.0 = Debug|x64
		{3593B492-2F69-49F7-9F9C-5CACC169A521}.Debug|x64.ActiveCfg = Debug|x64
		{3593B492-2F69-49F7-9F9C-5CACC169A521}.Debug|x64.Build.0 = Debug|x64
		{3593B492-2F69-49F7-9F9C-5CACC169A521}.Debug|x86.ActiveCfg = Debug|x86
		{3593B492-2F69-49F7-9F9C-5CACC169A521}.Debug|x86.Build.0 = Debug|x86
		{3593B492-2F69-49F7-9F9C-5CACC169A521}.Release(x64)|Any CPU.ActiveCfg = Release|x64
		{3593B492-2F69-49F7-9F9C-5CACC169A521}.Release(x64)|Mixed Platforms.ActiveCfg = Release|x64
		{3593B492-2F69-49F7-9F9C-5CACC169A521}.Release(x64)|Mixed Platforms.Build.0 = Release|x64
		{3593B492-2F69-49F7-9F9C-5CACC169A521}.Release(x64)|x64.ActiveCfg = Release|x64
		{3593B492-2F69-49F7-9F9C-5CACC169A521}.Release(x64)|x64.Build.0 = Release|x64
		{3593B492-2F69-49F7-9F9C-5CACC169A521}.Release(x64)|x86.ActiveCfg = Release|x64
		{3593B492-2F69-49F7-9F9C-5CACC169A521}.Release|Any CPU.ActiveCfg = Release|x64
		{3593B492-2F69-49F7-9F9C-5CACC169A521}.Release|Mixed Platforms.ActiveCfg = Release|x64
		{3593B492-2F69-49F7-9F9C-5CACC169A521}.Release|Mixed Platforms.Build.0 = Release|x64
		{3593B492-2F69-49F7-9F9C-5CACC169A521}.Release|x64.ActiveCfg = Release|x64
		{3593B492-2F69-49F7-9F9C-5CACC169A521}.Release|x64.Build.0 = Release|x64
		{3593B492-2F69-49F7-9F9C-5CACC169A521}.Release|x86.ActiveCfg = Release|x86
		{3593B492-2F69-49F7-9F9C-5CACC169A521}.Release|x86.Build.0 = Release|x86
		{B0925369-3F5A-4AE6-9395-13ADA2D952DF}.Debug(x64)|Any CPU.ActiveCfg = Debug(x64)|Any CPU
		{B0925369-3F5A-4AE6-9395-13ADA2D952DF}.Debug(x64)|Any CPU.Build.0 = Debug(x64)|Any CPU
		{B0925369-3F5A-4AE6-9395-13ADA2D952DF}.Debug(x64)|Mixed Platforms.ActiveCfg = Debug(x64)|Any CPU
		{B0925369-3F5A-4AE6-9395-13ADA2D952DF}.Debug(x64)|Mixed Platforms.Build.0 = Debug(x64)|Any CPU
		{B0925369-3F5A-4AE6-9395-13ADA2D952DF}.Debug(x64)|x64.ActiveCfg = Debug(x64)|x86
		{B0925369-3F5A-4AE6-9395-13ADA2D952DF}.Debug(x64)|x86.ActiveCfg = Debug(x64)|x86
		{B0925369-3F5A-4AE6-9395-13ADA2D952DF}.Debug(x64)|x86.Build.0 = Debug(x64)|x86
		{B0925369-3F5A-4AE6-9395-13ADA2D952DF}.Debug|Any CPU.ActiveCfg = Debug|Any CPU
		{B0925369-3F5A-4AE6-9395-13ADA2D952DF}.Debug|Any CPU.Build.0 = Debug|Any CPU
		{B0925369-3F5A-4AE6-9395-13ADA2D952DF}.Debug|Mixed Platforms.ActiveCfg = Debug|Any CPU
		{B0925369-3F5A-4AE6-9395-13ADA2D952DF}.Debug|Mixed Platforms.Build.0 = Debug|Any CPU
		{B0925369-3F5A-4AE6-9395-13ADA2D952DF}.Debug|x64.ActiveCfg = Debug|x86
		{B0925369-3F5A-4AE6-9395-13ADA2D952DF}.Debug|x86.ActiveCfg = Debug|x86
		{B0925369-3F5A-4AE6-9395-13ADA2D952DF}.Debug|x86.Build.0 = Debug|x86
		{B0925369-3F5A-4AE6-9395-13ADA2D952DF}.Release(x64)|Any CPU.ActiveCfg = Release(x64)|Any CPU
		{B0925369-3F5A-4AE6-9395-13ADA2D952DF}.Release(x64)|Any CPU.Build.0 = Release(x64)|Any CPU
		{B0925369-3F5A-4AE6-9395-13ADA2D952DF}.Release(x64)|Mixed Platforms.ActiveCfg = Release(x64)|Any CPU
		{B0925369-3F5A-4AE6-9395-13ADA2D952DF}.Release(x64)|Mixed Platforms.Build.0 = Release(x64)|Any CPU
		{B0925369-3F5A-4AE6-9395-13ADA2D952DF}.Release(x64)|x64.ActiveCfg = Release(x64)|x86
		{B0925369-3F5A-4AE6-9395-13ADA2D952DF}.Release(x64)|x86.ActiveCfg = Release(x64)|x86
		{B0925369-3F5A-4AE6-9395-13ADA2D952DF}.Release(x64)|x86.Build.0 = Release(x64)|x86
		{B0925369-3F5A-4AE6-9395-13ADA2D952DF}.Release|Any CPU.ActiveCfg = Release|Any CPU
		{B0925369-3F5A-4AE6-9395-13ADA2D952DF}.Release|Any CPU.Build.0 = Release|Any CPU
		{B0925369-3F5A-4AE6-9395-13ADA2D952DF}.Release|Mixed Platforms.ActiveCfg = Release|Any CPU
		{B0925369-3F5A-4AE6-9395-13ADA2D952DF}.Release|Mixed Platforms.Build.0 = Release|Any CPU
		{B0925369-3F5A-4AE6-9395-13ADA2D952DF}.Release|x64.ActiveCfg = Release|x86
		{B0925369-3F5A-4AE6-9395-13ADA2D952DF}.Release|x86.ActiveCfg = Release|x86
		{B0925369-3F5A-4AE6-9395-13ADA2D952DF}.Release|x86.Build.0 = Release|x86
	EndGlobalSection
	GlobalSection(SolutionProperties) = preSolution
		HideSolutionNode = FALSE
	EndGlobalSection
	GlobalSection(NestedProjects) = preSolution
		{71632688-04AE-491A-9D2F-EE05FC0400D4} = {E6E3F48F-7FBD-4E9F-BEA1-2DC7F4CDC0F7}
		{F48E6BE2-2E30-4048-8E38-F4F3DEF51D03} = {E6E3F48F-7FBD-4E9F-BEA1-2DC7F4CDC0F7}
		{7D901DC2-68ED-45A9-A883-1C5355EFC35B} = {E6E3F48F-7FBD-4E9F-BEA1-2DC7F4CDC0F7}
		{A82AAA85-A772-40A2-84C2-15C6997D029F} = {E6E3F48F-7FBD-4E9F-BEA1-2DC7F4CDC0F7}
		{99B831F6-9B1A-49DF-B836-B86CDDB6C682} = {E6E3F48F-7FBD-4E9F-BEA1-2DC7F4CDC0F7}
		{7FCBCC82-F78E-400B-A160-B6DBF72D959F} = {E6E3F48F-7FBD-4E9F-BEA1-2DC7F4CDC0F7}
		{2D038881-418B-4B2E-9AA8-89525DBA8BA6} = {E6E3F48F-7FBD-4E9F-BEA1-2DC7F4CDC0F7}
		{6BFD6798-ACEA-41B2-8EA3-8D5C8A8BD5FB} = {E6E3F48F-7FBD-4E9F-BEA1-2DC7F4CDC0F7}
		{5386282E-A995-4E29-9FE6-C39D03B7C52B} = {E6E3F48F-7FBD-4E9F-BEA1-2DC7F4CDC0F7}
		{42F58F52-995B-4244-A4FB-17EF4C09A874} = {E6E3F48F-7FBD-4E9F-BEA1-2DC7F4CDC0F7}
		{0D9BF78F-AE1F-482C-BDB9-D71CEBF456B0} = {D5C0F488-395C-460C-88CF-175AE3CEB114}
		{216EE888-AF5F-48D4-8C4A-F761588EF478} = {D5C0F488-395C-460C-88CF-175AE3CEB114}
		{E2894877-5A85-40E6-A759-550804133E6B} = {D5C0F488-395C-460C-88CF-175AE3CEB114}
		{3593B492-2F69-49F7-9F9C-5CACC169A521} = {D5C0F488-395C-460C-88CF-175AE3CEB114}
		{B0925369-3F5A-4AE6-9395-13ADA2D952DF} = {D5C0F488-395C-460C-88CF-175AE3CEB114}
	EndGlobalSection
EndGlobal
