
Microsoft Visual Studio Solution File, Format Version 11.00
# Visual Studio 2010
Project("{FAE04EC0-301F-11D3-BF4B-00C04F79EFBC}") = "ATMLProcessLibrary", "ATMLProcessLibrary.csproj", "{7FCBCC82-F78E-400B-A160-B6DBF72D959F}"
EndProject
Global
	GlobalSection(SolutionConfigurationPlatforms) = preSolution
		Debug(x64)|Any CPU = Debug(x64)|Any CPU
		Debug|Any CPU = Debug|Any CPU
		Release(x64)|Any CPU = Release(x64)|Any CPU
		Release|Any CPU = Release|Any CPU
	EndGlobalSection
	GlobalSection(ProjectConfigurationPlatforms) = postSolution
		{7FCBCC82-F78E-400B-A160-B6DBF72D959F}.Debug(x64)|Any CPU.ActiveCfg = Debug(x64)|Any CPU
		{7FCBCC82-F78E-400B-A160-B6DBF72D959F}.Debug(x64)|Any CPU.Build.0 = Debug(x64)|Any CPU
		{7FCBCC82-F78E-400B-A160-B6DBF72D959F}.Debug|Any CPU.ActiveCfg = Debug|Any CPU
		{7FCBCC82-F78E-400B-A160-B6DBF72D959F}.Debug|Any CPU.Build.0 = Debug|Any CPU
		{7FCBCC82-F78E-400B-A160-B6DBF72D959F}.Release(x64)|Any CPU.ActiveCfg = Release(x64)|Any CPU
		{7FCBCC82-F78E-400B-A160-B6DBF72D959F}.Release(x64)|Any CPU.Build.0 = Release(x64)|Any CPU
		{7FCBCC82-F78E-400B-A160-B6DBF72D959F}.Release|Any CPU.ActiveCfg = Release|Any CPU
		{7FCBCC82-F78E-400B-A160-B6DBF72D959F}.Release|Any CPU.Build.0 = Release|Any CPU
	EndGlobalSection
	GlobalSection(SolutionProperties) = preSolution
		HideSolutionNode = FALSE
	EndGlobalSection
EndGlobal
