
Microsoft Visual Studio Solution File, Format Version 11.00
# Visual Studio 2010
Project("{FAE04EC0-301F-11D3-BF4B-00C04F79EFBC}") = "ATMLUtilitiesLibrary", "ATMLUtilitiesLibrary.csproj", "{42F58F52-995B-4244-A4FB-17EF4C09A874}"
EndProject
Global
	GlobalSection(SolutionConfigurationPlatforms) = preSolution
		Debug|Any CPU = Debug|Any CPU
		Release|Any CPU = Release|Any CPU
	EndGlobalSection
	GlobalSection(ProjectConfigurationPlatforms) = postSolution
		{42F58F52-995B-4244-A4FB-17EF4C09A874}.Debug|Any CPU.ActiveCfg = Debug|Any CPU
		{42F58F52-995B-4244-A4FB-17EF4C09A874}.Debug|Any CPU.Build.0 = Debug|Any CPU
		{42F58F52-995B-4244-A4FB-17EF4C09A874}.Release|Any CPU.ActiveCfg = Release|Any CPU
		{42F58F52-995B-4244-A4FB-17EF4C09A874}.Release|Any CPU.Build.0 = Release|Any CPU
	EndGlobalSection
	GlobalSection(SolutionProperties) = preSolution
		HideSolutionNode = FALSE
	EndGlobalSection
EndGlobal
