
Microsoft Visual Studio Solution File, Format Version 11.00
# Visual Studio 2010
Project("{FAE04EC0-301F-11D3-BF4B-00C04F79EFBC}") = "ATML1671Allocator", "ATML1671Allocator.csproj", "{104CB0CD-20EB-4B19-92F2-3FE9588E95C7}"
EndProject
Global
	GlobalSection(SolutionConfigurationPlatforms) = preSolution
		Debug(x64)|Any CPU = Debug(x64)|Any CPU
		Debug|Any CPU = Debug|Any CPU
		Release(x64)|Any CPU = Release(x64)|Any CPU
		Release|Any CPU = Release|Any CPU
	EndGlobalSection
	GlobalSection(ProjectConfigurationPlatforms) = postSolution
		{104CB0CD-20EB-4B19-92F2-3FE9588E95C7}.Debug(x64)|Any CPU.ActiveCfg = Debug(x64)|Any CPU
		{104CB0CD-20EB-4B19-92F2-3FE9588E95C7}.Debug(x64)|Any CPU.Build.0 = Debug(x64)|Any CPU
		{104CB0CD-20EB-4B19-92F2-3FE9588E95C7}.Debug|Any CPU.ActiveCfg = Debug|Any CPU
		{104CB0CD-20EB-4B19-92F2-3FE9588E95C7}.Debug|Any CPU.Build.0 = Debug|Any CPU
		{104CB0CD-20EB-4B19-92F2-3FE9588E95C7}.Release(x64)|Any CPU.ActiveCfg = Release(x64)|Any CPU
		{104CB0CD-20EB-4B19-92F2-3FE9588E95C7}.Release(x64)|Any CPU.Build.0 = Release(x64)|Any CPU
		{104CB0CD-20EB-4B19-92F2-3FE9588E95C7}.Release|Any CPU.ActiveCfg = Release|Any CPU
		{104CB0CD-20EB-4B19-92F2-3FE9588E95C7}.Release|Any CPU.Build.0 = Release|Any CPU
	EndGlobalSection
	GlobalSection(SolutionProperties) = preSolution
		HideSolutionNode = FALSE
	EndGlobalSection
EndGlobal
